// !$*UTF8*$!
{
	archiveVersion = 1;
	classes = {
	};
	objectVersion = 56;
	objects = {

/* Begin PBXBuildFile section */
		2500A17B295D9F96008F6133 /* data.cpp in Sources */ = {isa = PBXBuildFile; fileRef = 2500A179295D9F96008F6133 /* data.cpp */; };
		2500A181295D9FB6008F6133 /* files.cpp in Sources */ = {isa = PBXBuildFile; fileRef = 2500A17F295D9FB6008F6133 /* files.cpp */; };
		2500E28E295DD879008F6133 /* hacking.cpp in Sources */ = {isa = PBXBuildFile; fileRef = 2500E28C295DD879008F6133 /* hacking.cpp */; };
		253C7603296A0AB700CC018C /* md5.cpp in Sources */ = {isa = PBXBuildFile; fileRef = 253C7601296A0AB700CC018C /* md5.cpp */; };
		25791CAA29509FA0007200C0 /* main.cpp in Sources */ = {isa = PBXBuildFile; fileRef = 25791CA929509FA0007200C0 /* main.cpp */; };
/* End PBXBuildFile section */

/* Begin PBXCopyFilesBuildPhase section */
		25791CA429509FA0007200C0 /* CopyFiles */ = {
			isa = PBXCopyFilesBuildPhase;
			buildActionMask = 2147483647;
			dstPath = /usr/share/man/man1/;
			dstSubfolderSpec = 0;
			files = (
			);
			runOnlyForDeploymentPostprocessing = 1;
		};
/* End PBXCopyFilesBuildPhase section */

/* Begin PBXFileReference section */
		2500A179295D9F96008F6133 /* data.cpp */ = {isa = PBXFileReference; lastKnownFileType = sourcecode.cpp.cpp; path = data.cpp; sourceTree = "<group>"; };
		2500A17A295D9F96008F6133 /* data.hpp */ = {isa = PBXFileReference; lastKnownFileType = sourcecode.cpp.h; path = data.hpp; sourceTree = "<group>"; };
		2500A17F295D9FB6008F6133 /* files.cpp */ = {isa = PBXFileReference; lastKnownFileType = sourcecode.cpp.cpp; path = files.cpp; sourceTree = "<group>"; };
		2500A180295D9FB6008F6133 /* files.hpp */ = {isa = PBXFileReference; lastKnownFileType = sourcecode.cpp.h; path = files.hpp; sourceTree = "<group>"; };
		2500A183295DA313008F6133 /* slownik.txt */ = {isa = PBXFileReference; fileEncoding = 4; lastKnownFileType = text; path = slownik.txt; sourceTree = "<group>"; };
		2500A184295DA314008F6133 /* hasla.txt */ = {isa = PBXFileReference; fileEncoding = 4; lastKnownFileType = text; path = hasla.txt; sourceTree = "<group>"; };
		2500A186295DAA7B008F6133 /* includes.hpp */ = {isa = PBXFileReference; lastKnownFileType = sourcecode.cpp.h; path = includes.hpp; sourceTree = "<group>"; };
		2500A188295DBDD0008F6133 /* hasla4.txt */ = {isa = PBXFileReference; fileEncoding = 4; lastKnownFileType = text; path = hasla4.txt; sourceTree = "<group>"; };
		2500A189295DBDD0008F6133 /* slownik4.txt */ = {isa = PBXFileReference; fileEncoding = 4; lastKnownFileType = text; path = slownik4.txt; sourceTree = "<group>"; };
		2500E28C295DD879008F6133 /* hacking.cpp */ = {isa = PBXFileReference; lastKnownFileType = sourcecode.cpp.cpp; path = hacking.cpp; sourceTree = "<group>"; };
		2500E28D295DD879008F6133 /* hacking.hpp */ = {isa = PBXFileReference; lastKnownFileType = sourcecode.cpp.h; path = hacking.hpp; sourceTree = "<group>"; };
		253C7601296A0AB700CC018C /* md5.cpp */ = {isa = PBXFileReference; lastKnownFileType = sourcecode.cpp.cpp; path = md5.cpp; sourceTree = "<group>"; };
		253C7602296A0AB700CC018C /* md5.hpp */ = {isa = PBXFileReference; lastKnownFileType = sourcecode.cpp.h; path = md5.hpp; sourceTree = "<group>"; };
		25791CA629509FA0007200C0 /* PassHack */ = {isa = PBXFileReference; explicitFileType = "compiled.mach-o.executable"; includeInIndex = 0; path = PassHack; sourceTree = BUILT_PRODUCTS_DIR; };
		25791CA929509FA0007200C0 /* main.cpp */ = {isa = PBXFileReference; lastKnownFileType = sourcecode.cpp.cpp; path = main.cpp; sourceTree = "<group>"; };
/* End PBXFileReference section */

/* Begin PBXFrameworksBuildPhase section */
		25791CA329509FA0007200C0 /* Frameworks */ = {
			isa = PBXFrameworksBuildPhase;
			buildActionMask = 2147483647;
			files = (
			);
			runOnlyForDeploymentPostprocessing = 0;
		};
/* End PBXFrameworksBuildPhase section */

/* Begin PBXGroup section */
		2500A177295D9F6B008F6133 /* src */ = {
			isa = PBXGroup;
			children = (
				253C7601296A0AB700CC018C /* md5.cpp */,
				25791CA929509FA0007200C0 /* main.cpp */,
				2500A17F295D9FB6008F6133 /* files.cpp */,
				2500A179295D9F96008F6133 /* data.cpp */,
				2500E28C295DD879008F6133 /* hacking.cpp */,
			);
			path = src;
			sourceTree = "<group>";
		};
		2500A178295D9F75008F6133 /* inc */ = {
			isa = PBXGroup;
			children = (
				253C7602296A0AB700CC018C /* md5.hpp */,
				2500A180295D9FB6008F6133 /* files.hpp */,
				2500A17A295D9F96008F6133 /* data.hpp */,
				2500E28D295DD879008F6133 /* hacking.hpp */,
				2500A186295DAA7B008F6133 /* includes.hpp */,
			);
			path = inc;
			sourceTree = "<group>";
		};
		2500A182295DA297008F6133 /* data */ = {
			isa = PBXGroup;
			children = (
				2500A184295DA314008F6133 /* hasla.txt */,
				2500A188295DBDD0008F6133 /* hasla4.txt */,
				2500A183295DA313008F6133 /* slownik.txt */,
				2500A189295DBDD0008F6133 /* slownik4.txt */,
			);
			path = data;
			sourceTree = "<group>";
		};
		25791C9D29509FA0007200C0 = {
			isa = PBXGroup;
			children = (
				25791CA829509FA0007200C0 /* PassHack */,
				25791CA729509FA0007200C0 /* Products */,
			);
			sourceTree = "<group>";
		};
		25791CA729509FA0007200C0 /* Products */ = {
			isa = PBXGroup;
			children = (
				25791CA629509FA0007200C0 /* PassHack */,
			);
			name = Products;
			sourceTree = "<group>";
		};
		25791CA829509FA0007200C0 /* PassHack */ = {
			isa = PBXGroup;
			children = (
				2500A182295DA297008F6133 /* data */,
				2500A177295D9F6B008F6133 /* src */,
				2500A178295D9F75008F6133 /* inc */,
			);
			path = PassHack;
			sourceTree = "<group>";
		};
/* End PBXGroup section */

/* Begin PBXNativeTarget section */
		25791CA529509FA0007200C0 /* PassHack */ = {
			isa = PBXNativeTarget;
			buildConfigurationList = 25791CAD29509FA0007200C0 /* Build configuration list for PBXNativeTarget "PassHack" */;
			buildPhases = (
				25791CA229509FA0007200C0 /* Sources */,
				25791CA329509FA0007200C0 /* Frameworks */,
				25791CA429509FA0007200C0 /* CopyFiles */,
			);
			buildRules = (
			);
			dependencies = (
			);
			name = PassHack;
			productName = PassHack;
			productReference = 25791CA629509FA0007200C0 /* PassHack */;
			productType = "com.apple.product-type.tool";
		};
/* End PBXNativeTarget section */

/* Begin PBXProject section */
		25791C9E29509FA0007200C0 /* Project object */ = {
			isa = PBXProject;
			attributes = {
				BuildIndependentTargetsInParallel = 1;
				LastUpgradeCheck = 1420;
				TargetAttributes = {
					25791CA529509FA0007200C0 = {
						CreatedOnToolsVersion = 14.2;
					};
				};
			};
			buildConfigurationList = 25791CA129509FA0007200C0 /* Build configuration list for PBXProject "PassHack" */;
			compatibilityVersion = "Xcode 14.0";
			developmentRegion = en;
			hasScannedForEncodings = 0;
			knownRegions = (
				en,
				Base,
			);
			mainGroup = 25791C9D29509FA0007200C0;
			productRefGroup = 25791CA729509FA0007200C0 /* Products */;
			projectDirPath = "";
			projectRoot = "";
			targets = (
				25791CA529509FA0007200C0 /* PassHack */,
			);
		};
/* End PBXProject section */

/* Begin PBXSourcesBuildPhase section */
		25791CA229509FA0007200C0 /* Sources */ = {
			isa = PBXSourcesBuildPhase;
			buildActionMask = 2147483647;
			files = (
				253C7603296A0AB700CC018C /* md5.cpp in Sources */,
				25791CAA29509FA0007200C0 /* main.cpp in Sources */,
				2500A181295D9FB6008F6133 /* files.cpp in Sources */,
				2500E28E295DD879008F6133 /* hacking.cpp in Sources */,
				2500A17B295D9F96008F6133 /* data.cpp in Sources */,
			);
			runOnlyForDeploymentPostprocessing = 0;
		};
/* End PBXSourcesBuildPhase section */

/* Begin XCBuildConfiguration section */
		25791CAB29509FA0007200C0 /* Debug */ = {
			isa = XCBuildConfiguration;
			buildSettings = {
				ALWAYS_SEARCH_USER_PATHS = NO;
				CLANG_ANALYZER_NONNULL = YES;
				CLANG_ANALYZER_NUMBER_OBJECT_CONVERSION = YES_AGGRESSIVE;
				CLANG_CXX_LANGUAGE_STANDARD = "gnu++20";
				CLANG_ENABLE_MODULES = YES;
				CLANG_ENABLE_OBJC_ARC = YES;
				CLANG_ENABLE_OBJC_WEAK = YES;
				CLANG_WARN_BLOCK_CAPTURE_AUTORELEASING = YES;
				CLANG_WARN_BOOL_CONVERSION = YES;
				CLANG_WARN_COMMA = YES;
				CLANG_WARN_CONSTANT_CONVERSION = YES;
				CLANG_WARN_DEPRECATED_OBJC_IMPLEMENTATIONS = YES;
				CLANG_WARN_DIRECT_OBJC_ISA_USAGE = YES_ERROR;
				CLANG_WARN_DOCUMENTATION_COMMENTS = YES;
				CLANG_WARN_EMPTY_BODY = YES;
				CLANG_WARN_ENUM_CONVERSION = YES;
				CLANG_WARN_INFINITE_RECURSION = YES;
				CLANG_WARN_INT_CONVERSION = YES;
				CLANG_WARN_NON_LITERAL_NULL_CONVERSION = YES;
				CLANG_WARN_OBJC_IMPLICIT_RETAIN_SELF = YES;
				CLANG_WARN_OBJC_LITERAL_CONVERSION = YES;
				CLANG_WARN_OBJC_ROOT_CLASS = YES_ERROR;
				CLANG_WARN_QUOTED_INCLUDE_IN_FRAMEWORK_HEADER = YES;
				CLANG_WARN_RANGE_LOOP_ANALYSIS = YES;
				CLANG_WARN_STRICT_PROTOTYPES = YES;
				CLANG_WARN_SUSPICIOUS_MOVE = YES;
				CLANG_WARN_UNGUARDED_AVAILABILITY = YES_AGGRESSIVE;
				CLANG_WARN_UNREACHABLE_CODE = YES;
				CLANG_WARN__DUPLICATE_METHOD_MATCH = YES;
				COPY_PHASE_STRIP = NO;
				DEBUG_INFORMATION_FORMAT = dwarf;
				ENABLE_STRICT_OBJC_MSGSEND = YES;
				ENABLE_TESTABILITY = YES;
				GCC_C_LANGUAGE_STANDARD = gnu11;
				GCC_DYNAMIC_NO_PIC = NO;
				GCC_NO_COMMON_BLOCKS = YES;
				GCC_OPTIMIZATION_LEVEL = 0;
				GCC_PREPROCESSOR_DEFINITIONS = (
					"DEBUG=1",
					"$(inherited)",
				);
				GCC_WARN_64_TO_32_BIT_CONVERSION = YES;
				GCC_WARN_ABOUT_RETURN_TYPE = YES_ERROR;
				GCC_WARN_UNDECLARED_SELECTOR = YES;
				GCC_WARN_UNINITIALIZED_AUTOS = YES_AGGRESSIVE;
				GCC_WARN_UNUSED_FUNCTION = YES;
				GCC_WARN_UNUSED_VARIABLE = YES;
				MACOSX_DEPLOYMENT_TARGET = 13.1;
				MTL_ENABLE_DEBUG_INFO = INCLUDE_SOURCE;
				MTL_FAST_MATH = YES;
				ONLY_ACTIVE_ARCH = YES;
				"OTHER_LDFLAGS[arch=*]" = "";
				SDKROOT = macosx;
			};
			name = Debug;
		};
		25791CAC29509FA0007200C0 /* Release */ = {
			isa = XCBuildConfiguration;
			buildSettings = {
				ALWAYS_SEARCH_USER_PATHS = NO;
				CLANG_ANALYZER_NONNULL = YES;
				CLANG_ANALYZER_NUMBER_OBJECT_CONVERSION = YES_AGGRESSIVE;
				CLANG_CXX_LANGUAGE_STANDARD = "gnu++20";
				CLANG_ENABLE_MODULES = YES;
				CLANG_ENABLE_OBJC_ARC = YES;
				CLANG_ENABLE_OBJC_WEAK = YES;
				CLANG_WARN_BLOCK_CAPTURE_AUTORELEASING = YES;
				CLANG_WARN_BOOL_CONVERSION = YES;
				CLANG_WARN_COMMA = YES;
				CLANG_WARN_CONSTANT_CONVERSION = YES;
				CLANG_WARN_DEPRECATED_OBJC_IMPLEMENTATIONS = YES;
				CLANG_WARN_DIRECT_OBJC_ISA_USAGE = YES_ERROR;
				CLANG_WARN_DOCUMENTATION_COMMENTS = YES;
				CLANG_WARN_EMPTY_BODY = YES;
				CLANG_WARN_ENUM_CONVERSION = YES;
				CLANG_WARN_INFINITE_RECURSION = YES;
				CLANG_WARN_INT_CONVERSION = YES;
				CLANG_WARN_NON_LITERAL_NULL_CONVERSION = YES;
				CLANG_WARN_OBJC_IMPLICIT_RETAIN_SELF = YES;
				CLANG_WARN_OBJC_LITERAL_CONVERSION = YES;
				CLANG_WARN_OBJC_ROOT_CLASS = YES_ERROR;
				CLANG_WARN_QUOTED_INCLUDE_IN_FRAMEWORK_HEADER = YES;
				CLANG_WARN_RANGE_LOOP_ANALYSIS = YES;
				CLANG_WARN_STRICT_PROTOTYPES = YES;
				CLANG_WARN_SUSPICIOUS_MOVE = YES;
				CLANG_WARN_UNGUARDED_AVAILABILITY = YES_AGGRESSIVE;
				CLANG_WARN_UNREACHABLE_CODE = YES;
				CLANG_WARN__DUPLICATE_METHOD_MATCH = YES;
				COPY_PHASE_STRIP = NO;
				DEBUG_INFORMATION_FORMAT = "dwarf-with-dsym";
				ENABLE_NS_ASSERTIONS = NO;
				ENABLE_STRICT_OBJC_MSGSEND = YES;
				GCC_C_LANGUAGE_STANDARD = gnu11;
				GCC_NO_COMMON_BLOCKS = YES;
				GCC_WARN_64_TO_32_BIT_CONVERSION = YES;
				GCC_WARN_ABOUT_RETURN_TYPE = YES_ERROR;
				GCC_WARN_UNDECLARED_SELECTOR = YES;
				GCC_WARN_UNINITIALIZED_AUTOS = YES_AGGRESSIVE;
				GCC_WARN_UNUSED_FUNCTION = YES;
				GCC_WARN_UNUSED_VARIABLE = YES;
				MACOSX_DEPLOYMENT_TARGET = 13.1;
				MTL_ENABLE_DEBUG_INFO = NO;
				MTL_FAST_MATH = YES;
				"OTHER_LDFLAGS[arch=*]" = "";
				SDKROOT = macosx;
			};
			name = Release;
		};
		25791CAE29509FA0007200C0 /* Debug */ = {
			isa = XCBuildConfiguration;
			buildSettings = {
				CODE_SIGN_STYLE = Automatic;
				DEVELOPMENT_TEAM = Q6DXJ6J4G8;
				ENABLE_HARDENED_RUNTIME = YES;
				PRODUCT_NAME = "$(TARGET_NAME)";
			};
			name = Debug;
		};
		25791CAF29509FA0007200C0 /* Release */ = {
			isa = XCBuildConfiguration;
			buildSettings = {
				CODE_SIGN_STYLE = Automatic;
				DEVELOPMENT_TEAM = Q6DXJ6J4G8;
				ENABLE_HARDENED_RUNTIME = YES;
				PRODUCT_NAME = "$(TARGET_NAME)";
			};
			name = Release;
		};
/* End XCBuildConfiguration section */

/* Begin XCConfigurationList section */
		25791CA129509FA0007200C0 /* Build configuration list for PBXProject "PassHack" */ = {
			isa = XCConfigurationList;
			buildConfigurations = (
				25791CAB29509FA0007200C0 /* Debug */,
				25791CAC29509FA0007200C0 /* Release */,
			);
			defaultConfigurationIsVisible = 0;
			defaultConfigurationName = Release;
		};
		25791CAD29509FA0007200C0 /* Build configuration list for PBXNativeTarget "PassHack" */ = {
			isa = XCConfigurationList;
			buildConfigurations = (
				25791CAE29509FA0007200C0 /* Debug */,
				25791CAF29509FA0007200C0 /* Release */,
			);
			defaultConfigurationIsVisible = 0;
			defaultConfigurationName = Release;
		};
/* End XCConfigurationList section */
	};
	rootObject = 25791C9E29509FA0007200C0 /* Project object */;
}
